
Microsoft Visual Studio Solution File, Format Version 12.00
# Visual Studio Version 16
VisualStudioVersion = 16.0.30717.126
MinimumVisualStudioVersion = 10.0.40219.1
Project("{FAE04EC0-301F-11D3-BF4B-00C04F79EFBC}") = "BLL", "BLL.csproj", "{CA3F5F12-5C71-4882-B8E9-B72605AD35D3}"
EndProject
Project("{9A19103F-16F7-4668-BE54-9A1E7A4F7556}") = "DAL", "..\DAL\DAL.csproj", "{490B1700-5455-4301-A36B-3292B23B26DF}"
EndProject
Project("{FAE04EC0-301F-11D3-BF4B-00C04F79EFBC}") = "GUI", "..\GUI\GUI.csproj", "{76ED2580-9D59-4CB5-8114-67DCE1D52485}"
EndProject
Global
	GlobalSection(SolutionConfigurationPlatforms) = preSolution
		Debug|Any CPU = Debug|Any CPU
		Release|Any CPU = Release|Any CPU
	EndGlobalSection
	GlobalSection(ProjectConfigurationPlatforms) = postSolution
		{CA3F5F12-5C71-4882-B8E9-B72605AD35D3}.Debug|Any CPU.ActiveCfg = Debug|Any CPU
		{CA3F5F12-5C71-4882-B8E9-B72605AD35D3}.Debug|Any CPU.Build.0 = Debug|Any CPU
		{CA3F5F12-5C71-4882-B8E9-B72605AD35D3}.Release|Any CPU.ActiveCfg = Release|Any CPU
		{CA3F5F12-5C71-4882-B8E9-B72605AD35D3}.Release|Any CPU.Build.0 = Release|Any CPU
		{490B1700-5455-4301-A36B-3292B23B26DF}.Debug|Any CPU.ActiveCfg = Debug|Any CPU
		{490B1700-5455-4301-A36B-3292B23B26DF}.Debug|Any CPU.Build.0 = Debug|Any CPU
		{490B1700-5455-4301-A36B-3292B23B26DF}.Release|Any CPU.ActiveCfg = Release|Any CPU
		{490B1700-5455-4301-A36B-3292B23B26DF}.Release|Any CPU.Build.0 = Release|Any CPU
		{76ED2580-9D59-4CB5-8114-67DCE1D52485}.Debug|Any CPU.ActiveCfg = Debug|Any CPU
		{76ED2580-9D59-4CB5-8114-67DCE1D52485}.Debug|Any CPU.Build.0 = Debug|Any CPU
		{76ED2580-9D59-4CB5-8114-67DCE1D52485}.Release|Any CPU.ActiveCfg = Release|Any CPU
		{76ED2580-9D59-4CB5-8114-67DCE1D52485}.Release|Any CPU.Build.0 = Release|Any CPU
	EndGlobalSection
	GlobalSection(SolutionProperties) = preSolution
		HideSolutionNode = FALSE
	EndGlobalSection
	GlobalSection(ExtensibilityGlobals) = postSolution
		SolutionGuid = {483CFFBC-1608-4D5A-9C80-5A338447B38B}
	EndGlobalSection
EndGlobal
